// !$*UTF8*$!
{
	archiveVersion = 1;
	classes = {
	};
	objectVersion = 50;
	objects = {

/* Begin PBXBuildFile section */
		294C8616215E8EE3002EC16B /* AppDelegate.m in Sources */ = {isa = PBXBuildFile; fileRef = 294C8615215E8EE3002EC16B /* AppDelegate.m */; };
		294C8618215E8EE4002EC16B /* Assets.xcassets in Resources */ = {isa = PBXBuildFile; fileRef = 294C8617215E8EE4002EC16B /* Assets.xcassets */; };
		294C861B215E8EE4002EC16B /* MainMenu.xib in Resources */ = {isa = PBXBuildFile; fileRef = 294C8619215E8EE4002EC16B /* MainMenu.xib */; };
		294C861E215E8EE4002EC16B /* main.m in Sources */ = {isa = PBXBuildFile; fileRef = 294C861D215E8EE4002EC16B /* main.m */; };
		294C8627215E8EF9002EC16B /* Controller.m in Sources */ = {isa = PBXBuildFile; fileRef = 294C8626215E8EF9002EC16B /* Controller.m */; };
		294C862A215E8F04002EC16B /* Model.m in Sources */ = {isa = PBXBuildFile; fileRef = 294C8629215E8F04002EC16B /* Model.m */; };
/* End PBXBuildFile section */

/* Begin PBXFileReference section */
		294C8611215E8EE3002EC16B /* Delegados.app */ = {isa = PBXFileReference; explicitFileType = wrapper.application; includeInIndex = 0; path = Delegados.app; sourceTree = BUILT_PRODUCTS_DIR; };
		294C8614215E8EE3002EC16B /* AppDelegate.h */ = {isa = PBXFileReference; lastKnownFileType = sourcecode.c.h; path = AppDelegate.h; sourceTree = "<group>"; };
		294C8615215E8EE3002EC16B /* AppDelegate.m */ = {isa = PBXFileReference; lastKnownFileType = sourcecode.c.objc; path = AppDelegate.m; sourceTree = "<group>"; };
		294C8617215E8EE4002EC16B /* Assets.xcassets */ = {isa = PBXFileReference; lastKnownFileType = folder.assetcatalog; path = Assets.xcassets; sourceTree = "<group>"; };
		294C861A215E8EE4002EC16B /* Base */ = {isa = PBXFileReference; lastKnownFileType = file.xib; name = Base; path = Base.lproj/MainMenu.xib; sourceTree = "<group>"; };
		294C861C215E8EE4002EC16B /* Info.plist */ = {isa = PBXFileReference; lastKnownFileType = text.plist.xml; path = Info.plist; sourceTree = "<group>"; };
		294C861D215E8EE4002EC16B /* main.m */ = {isa = PBXFileReference; lastKnownFileType = sourcecode.c.objc; path = main.m; sourceTree = "<group>"; };
		294C861F215E8EE4002EC16B /* Delegados.entitlements */ = {isa = PBXFileReference; lastKnownFileType = text.plist.entitlements; path = Delegados.entitlements; sourceTree = "<group>"; };
		294C8625215E8EF9002EC16B /* Controller.h */ = {isa = PBXFileReference; lastKnownFileType = sourcecode.c.h; path = Controller.h; sourceTree = "<group>"; };
		294C8626215E8EF9002EC16B /* Controller.m */ = {isa = PBXFileReference; lastKnownFileType = sourcecode.c.objc; path = Controller.m; sourceTree = "<group>"; };
		294C8628215E8F04002EC16B /* Model.h */ = {isa = PBXFileReference; lastKnownFileType = sourcecode.c.h; path = Model.h; sourceTree = "<group>"; };
		294C8629215E8F04002EC16B /* Model.m */ = {isa = PBXFileReference; lastKnownFileType = sourcecode.c.objc; path = Model.m; sourceTree = "<group>"; };
/* End PBXFileReference section */

/* Begin PBXFrameworksBuildPhase section */
		294C860E215E8EE3002EC16B /* Frameworks */ = {
			isa = PBXFrameworksBuildPhase;
			buildActionMask = 2147483647;
			files = (
			);
			runOnlyForDeploymentPostprocessing = 0;
		};
/* End PBXFrameworksBuildPhase section */

/* Begin PBXGroup section */
		294C8608215E8EE3002EC16B = {
			isa = PBXGroup;
			children = (
				294C8613215E8EE3002EC16B /* Delegados */,
				294C8612215E8EE3002EC16B /* Products */,
			);
			sourceTree = "<group>";
		};
		294C8612215E8EE3002EC16B /* Products */ = {
			isa = PBXGroup;
			children = (
				294C8611215E8EE3002EC16B /* Delegados.app */,
			);
			name = Products;
			sourceTree = "<group>";
		};
		294C8613215E8EE3002EC16B /* Delegados */ = {
			isa = PBXGroup;
			children = (
				294C8614215E8EE3002EC16B /* AppDelegate.h */,
				294C8615215E8EE3002EC16B /* AppDelegate.m */,
				294C8617215E8EE4002EC16B /* Assets.xcassets */,
				294C8619215E8EE4002EC16B /* MainMenu.xib */,
				294C861C215E8EE4002EC16B /* Info.plist */,
				294C861D215E8EE4002EC16B /* main.m */,
				294C861F215E8EE4002EC16B /* Delegados.entitlements */,
				294C8625215E8EF9002EC16B /* Controller.h */,
				294C8626215E8EF9002EC16B /* Controller.m */,
				294C8628215E8F04002EC16B /* Model.h */,
				294C8629215E8F04002EC16B /* Model.m */,
			);
			path = Delegados;
			sourceTree = "<group>";
		};
/* End PBXGroup section */

/* Begin PBXNativeTarget section */
		294C8610215E8EE3002EC16B /* Delegados */ = {
			isa = PBXNativeTarget;
			buildConfigurationList = 294C8622215E8EE4002EC16B /* Build configuration list for PBXNativeTarget "Delegados" */;
			buildPhases = (
				294C860D215E8EE3002EC16B /* Sources */,
				294C860E215E8EE3002EC16B /* Frameworks */,
				294C860F215E8EE3002EC16B /* Resources */,
			);
			buildRules = (
			);
			dependencies = (
			);
			name = Delegados;
			productName = Delegados;
			productReference = 294C8611215E8EE3002EC16B /* Delegados.app */;
			productType = "com.apple.product-type.application";
		};
/* End PBXNativeTarget section */

/* Begin PBXProject section */
		294C8609215E8EE3002EC16B /* Project object */ = {
			isa = PBXProject;
			attributes = {
				LastUpgradeCheck = 0940;
				ORGANIZATIONNAME = "Luis Blazquez Miñambres";
				TargetAttributes = {
					294C8610215E8EE3002EC16B = {
						CreatedOnToolsVersion = 9.4.1;
					};
				};
			};
			buildConfigurationList = 294C860C215E8EE3002EC16B /* Build configuration list for PBXProject "Delegados" */;
			compatibilityVersion = "Xcode 9.3";
			developmentRegion = en;
			hasScannedForEncodings = 0;
			knownRegions = (
				en,
				Base,
			);
			mainGroup = 294C8608215E8EE3002EC16B;
			productRefGroup = 294C8612215E8EE3002EC16B /* Products */;
			projectDirPath = "";
			projectRoot = "";
			targets = (
				294C8610215E8EE3002EC16B /* Delegados */,
			);
		};
/* End PBXProject section */

/* Begin PBXResourcesBuildPhase section */
		294C860F215E8EE3002EC16B /* Resources */ = {
			isa = PBXResourcesBuildPhase;
			buildActionMask = 2147483647;
			files = (
				294C8618215E8EE4002EC16B /* Assets.xcassets in Resources */,
				294C861B215E8EE4002EC16B /* MainMenu.xib in Resources */,
			);
			runOnlyForDeploymentPostprocessing = 0;
		};
/* End PBXResourcesBuildPhase section */

/* Begin PBXSourcesBuildPhase section */
		294C860D215E8EE3002EC16B /* Sources */ = {
			isa = PBXSourcesBuildPhase;
			buildActionMask = 2147483647;
			files = (
				294C861E215E8EE4002EC16B /* main.m in Sources */,
				294C8616215E8EE3002EC16B /* AppDelegate.m in Sources */,
				294C8627215E8EF9002EC16B /* Controller.m in Sources */,
				294C862A215E8F04002EC16B /* Model.m in Sources */,
			);
			runOnlyForDeploymentPostprocessing = 0;
		};
/* End PBXSourcesBuildPhase section */

/* Begin PBXVariantGroup section */
		294C8619215E8EE4002EC16B /* MainMenu.xib */ = {
			isa = PBXVariantGroup;
			children = (
				294C861A215E8EE4002EC16B /* Base */,
			);
			name = MainMenu.xib;
			sourceTree = "<group>";
		};
/* End PBXVariantGroup section */

/* Begin XCBuildConfiguration section */
		294C8620215E8EE4002EC16B /* Debug */ = {
			isa = XCBuildConfiguration;
			buildSettings = {
				ALWAYS_SEARCH_USER_PATHS = NO;
				CLANG_ANALYZER_NONNULL = YES;
				CLANG_ANALYZER_NUMBER_OBJECT_CONVERSION = YES_AGGRESSIVE;
				CLANG_CXX_LANGUAGE_STANDARD = "gnu++14";
				CLANG_CXX_LIBRARY = "libc++";
				CLANG_ENABLE_MODULES = YES;
				CLANG_ENABLE_OBJC_ARC = YES;
				CLANG_ENABLE_OBJC_WEAK = YES;
				CLANG_WARN_BLOCK_CAPTURE_AUTORELEASING = YES;
				CLANG_WARN_BOOL_CONVERSION = YES;
				CLANG_WARN_COMMA = YES;
				CLANG_WARN_CONSTANT_CONVERSION = YES;
				CLANG_WARN_DEPRECATED_OBJC_IMPLEMENTATIONS = YES;
				CLANG_WARN_DIRECT_OBJC_ISA_USAGE = YES_ERROR;
				CLANG_WARN_DOCUMENTATION_COMMENTS = YES;
				CLANG_WARN_EMPTY_BODY = YES;
				CLANG_WARN_ENUM_CONVERSION = YES;
				CLANG_WARN_INFINITE_RECURSION = YES;
				CLANG_WARN_INT_CONVERSION = YES;
				CLANG_WARN_NON_LITERAL_NULL_CONVERSION = YES;
				CLANG_WARN_OBJC_IMPLICIT_RETAIN_SELF = YES;
				CLANG_WARN_OBJC_LITERAL_CONVERSION = YES;
				CLANG_WARN_OBJC_ROOT_CLASS = YES_ERROR;
				CLANG_WARN_RANGE_LOOP_ANALYSIS = YES;
				CLANG_WARN_STRICT_PROTOTYPES = YES;
				CLANG_WARN_SUSPICIOUS_MOVE = YES;
				CLANG_WARN_UNGUARDED_AVAILABILITY = YES_AGGRESSIVE;
				CLANG_WARN_UNREACHABLE_CODE = YES;
				CLANG_WARN__DUPLICATE_METHOD_MATCH = YES;
				CODE_SIGN_IDENTITY = "-";
				COPY_PHASE_STRIP = NO;
				DEBUG_INFORMATION_FORMAT = dwarf;
				ENABLE_STRICT_OBJC_MSGSEND = YES;
				ENABLE_TESTABILITY = YES;
				GCC_C_LANGUAGE_STANDARD = gnu11;
				GCC_DYNAMIC_NO_PIC = NO;
				GCC_NO_COMMON_BLOCKS = YES;
				GCC_OPTIMIZATION_LEVEL = 0;
				GCC_PREPROCESSOR_DEFINITIONS = (
					"DEBUG=1",
					"$(inherited)",
				);
				GCC_WARN_64_TO_32_BIT_CONVERSION = YES;
				GCC_WARN_ABOUT_RETURN_TYPE = YES_ERROR;
				GCC_WARN_UNDECLARED_SELECTOR = YES;
				GCC_WARN_UNINITIALIZED_AUTOS = YES_AGGRESSIVE;
				GCC_WARN_UNUSED_FUNCTION = YES;
				GCC_WARN_UNUSED_VARIABLE = YES;
				MACOSX_DEPLOYMENT_TARGET = 10.13;
				MTL_ENABLE_DEBUG_INFO = YES;
				ONLY_ACTIVE_ARCH = YES;
				SDKROOT = macosx;
			};
			name = Debug;
		};
		294C8621215E8EE4002EC16B /* Release */ = {
			isa = XCBuildConfiguration;
			buildSettings = {
				ALWAYS_SEARCH_USER_PATHS = NO;
				CLANG_ANALYZER_NONNULL = YES;
				CLANG_ANALYZER_NUMBER_OBJECT_CONVERSION = YES_AGGRESSIVE;
				CLANG_CXX_LANGUAGE_STANDARD = "gnu++14";
				CLANG_CXX_LIBRARY = "libc++";
				CLANG_ENABLE_MODULES = YES;
				CLANG_ENABLE_OBJC_ARC = YES;
				CLANG_ENABLE_OBJC_WEAK = YES;
				CLANG_WARN_BLOCK_CAPTURE_AUTORELEASING = YES;
				CLANG_WARN_BOOL_CONVERSION = YES;
				CLANG_WARN_COMMA = YES;
				CLANG_WARN_CONSTANT_CONVERSION = YES;
				CLANG_WARN_DEPRECATED_OBJC_IMPLEMENTATIONS = YES;
				CLANG_WARN_DIRECT_OBJC_ISA_USAGE = YES_ERROR;
				CLANG_WARN_DOCUMENTATION_COMMENTS = YES;
				CLANG_WARN_EMPTY_BODY = YES;
				CLANG_WARN_ENUM_CONVERSION = YES;
				CLANG_WARN_INFINITE_RECURSION = YES;
				CLANG_WARN_INT_CONVERSION = YES;
				CLANG_WARN_NON_LITERAL_NULL_CONVERSION = YES;
				CLANG_WARN_OBJC_IMPLICIT_RETAIN_SELF = YES;
				CLANG_WARN_OBJC_LITERAL_CONVERSION = YES;
				CLANG_WARN_OBJC_ROOT_CLASS = YES_ERROR;
				CLANG_WARN_RANGE_LOOP_ANALYSIS = YES;
				CLANG_WARN_STRICT_PROTOTYPES = YES;
				CLANG_WARN_SUSPICIOUS_MOVE = YES;
				CLANG_WARN_UNGUARDED_AVAILABILITY = YES_AGGRESSIVE;
				CLANG_WARN_UNREACHABLE_CODE = YES;
				CLANG_WARN__DUPLICATE_METHOD_MATCH = YES;
				CODE_SIGN_IDENTITY = "-";
				COPY_PHASE_STRIP = NO;
				DEBUG_INFORMATION_FORMAT = "dwarf-with-dsym";
				ENABLE_NS_ASSERTIONS = NO;
				ENABLE_STRICT_OBJC_MSGSEND = YES;
				GCC_C_LANGUAGE_STANDARD = gnu11;
				GCC_NO_COMMON_BLOCKS = YES;
				GCC_WARN_64_TO_32_BIT_CONVERSION = YES;
				GCC_WARN_ABOUT_RETURN_TYPE = YES_ERROR;
				GCC_WARN_UNDECLARED_SELECTOR = YES;
				GCC_WARN_UNINITIALIZED_AUTOS = YES_AGGRESSIVE;
				GCC_WARN_UNUSED_FUNCTION = YES;
				GCC_WARN_UNUSED_VARIABLE = YES;
				MACOSX_DEPLOYMENT_TARGET = 10.13;
				MTL_ENABLE_DEBUG_INFO = NO;
				SDKROOT = macosx;
			};
			name = Release;
		};
		294C8623215E8EE4002EC16B /* Debug */ = {
			isa = XCBuildConfiguration;
			buildSettings = {
				ASSETCATALOG_COMPILER_APPICON_NAME = AppIcon;
				CODE_SIGN_ENTITLEMENTS = Delegados/Delegados.entitlements;
				CODE_SIGN_STYLE = Automatic;
				COMBINE_HIDPI_IMAGES = YES;
				INFOPLIST_FILE = Delegados/Info.plist;
				LD_RUNPATH_SEARCH_PATHS = (
					"$(inherited)",
					"@executable_path/../Frameworks",
				);
				PRODUCT_BUNDLE_IDENTIFIER = es.usal.Delegados;
				PRODUCT_NAME = "$(TARGET_NAME)";
			};
			name = Debug;
		};
		294C8624215E8EE4002EC16B /* Release */ = {
			isa = XCBuildConfiguration;
			buildSettings = {
				ASSETCATALOG_COMPILER_APPICON_NAME = AppIcon;
				CODE_SIGN_ENTITLEMENTS = Delegados/Delegados.entitlements;
				CODE_SIGN_STYLE = Automatic;
				COMBINE_HIDPI_IMAGES = YES;
				INFOPLIST_FILE = Delegados/Info.plist;
				LD_RUNPATH_SEARCH_PATHS = (
					"$(inherited)",
					"@executable_path/../Frameworks",
				);
				PRODUCT_BUNDLE_IDENTIFIER = es.usal.Delegados;
				PRODUCT_NAME = "$(TARGET_NAME)";
			};
			name = Release;
		};
/* End XCBuildConfiguration section */

/* Begin XCConfigurationList section */
		294C860C215E8EE3002EC16B /* Build configuration list for PBXProject "Delegados" */ = {
			isa = XCConfigurationList;
			buildConfigurations = (
				294C8620215E8EE4002EC16B /* Debug */,
				294C8621215E8EE4002EC16B /* Release */,
			);
			defaultConfigurationIsVisible = 0;
			defaultConfigurationName = Release;
		};
		294C8622215E8EE4002EC16B /* Build configuration list for PBXNativeTarget "Delegados" */ = {
			isa = XCConfigurationList;
			buildConfigurations = (
				294C8623215E8EE4002EC16B /* Debug */,
				294C8624215E8EE4002EC16B /* Release */,
			);
			defaultConfigurationIsVisible = 0;
			defaultConfigurationName = Release;
		};
/* End XCConfigurationList section */
	};
	rootObject = 294C8609215E8EE3002EC16B /* Project object */;
}
